
Microsoft Visual Studio Solution File, Format Version 12.00
# Visual Studio Version 17
VisualStudioVersion = 17.12.35707.178 d17.12
MinimumVisualStudioVersion = 10.0.40219.1
Project("{13B669BE-BB05-4DDF-9536-439F39A36129}") = "phppdf", "phppdf.phpproj", "{67020419-A4FC-40DD-85DC-557A0774E8C9}"
EndProject
Global
	GlobalSection(SolutionConfigurationPlatforms) = preSolution
		Debug|Any CPU = Debug|Any CPU
		Release|Any CPU = Release|Any CPU
	EndGlobalSection
	GlobalSection(ProjectConfigurationPlatforms) = postSolution
		{67020419-A4FC-40DD-85DC-557A0774E8C9}.Debug|Any CPU.ActiveCfg = Debug|Any CPU
		{67020419-A4FC-40DD-85DC-557A0774E8C9}.Debug|Any CPU.Build.0 = Debug|Any CPU
		{67020419-A4FC-40DD-85DC-557A0774E8C9}.Release|Any CPU.ActiveCfg = Release|Any CPU
		{67020419-A4FC-40DD-85DC-557A0774E8C9}.Release|Any CPU.Build.0 = Release|Any CPU
	EndGlobalSection
	GlobalSection(SolutionProperties) = preSolution
		HideSolutionNode = FALSE
	EndGlobalSection
EndGlobal
